<?xml version="1.0" encoding="utf-8"?>
<Project ToolsVersion="4.0" xmlns="http://schemas.microsoft.com/developer/msbuild/2003">
  <ItemGroup>
    <Filter Include="源文件">
      <UniqueIdentifier>{4FC737F1-C7A5-4376-A066-2A32D752A2FF}</UniqueIdentifier>
      <Extensions>cpp;c;cc;cxx;c++;cppm;ixx;def;odl;idl;hpj;bat;asm;asmx</Extensions>
    </Filter>
    <Filter Include="头文件">
      <UniqueIdentifier>{93995380-89BD-4b04-88EB-625FBE52EBFB}</UniqueIdentifier>
      <Extensions>h;hh;hpp;hxx;h++;hm;inl;inc;ipp;xsd</Extensions>
    </Filter>
    <Filter Include="资源文件">
      <UniqueIdentifier>{67DA6AB6-F800-4c08-8B7A-83BB121AAD01}</UniqueIdentifier>
      <Extensions>rc;ico;cur;bmp;dlg;rc2;rct;bin;rgs;gif;jpg;jpeg;jpe;resx;tiff;tif;png;wav;mfcribbon-ms</Extensions>
    </Filter>
    <Filter Include="net">
      <UniqueIdentifier>{276d6a4f-bcc3-404d-ba02-d122eab288f6}</UniqueIdentifier>
    </Filter>
    <Filter Include="mediator">
      <UniqueIdentifier>{7942ce0b-0006-4f5f-bfa5-e35278f3a9e0}</UniqueIdentifier>
    </Filter>
    <Filter Include="mysql">
      <UniqueIdentifier>{66fd1b4a-6b31-4625-9415-9faed123d7c4}</UniqueIdentifier>
    </Filter>
  </ItemGroup>
  <ItemGroup>
    <ClInclude Include="net\INet.h">
      <Filter>net</Filter>
    </ClInclude>
    <ClInclude Include="net\TcpClient.h">
      <Filter>net</Filter>
    </ClInclude>
    <ClInclude Include="net\TcpServer.h">
      <Filter>net</Filter>
    </ClInclude>
    <ClInclude Include="net\UdpNet.h">
      <Filter>net</Filter>
    </ClInclude>
    <ClInclude Include="mediator\INetMediator.h">
      <Filter>mediator</Filter>
    </ClInclude>
    <ClInclude Include="mediator\TcpClientMediator.h">
      <Filter>mediator</Filter>
    </ClInclude>
    <ClInclude Include="mediator\TcpServerMediator.h">
      <Filter>mediator</Filter>
    </ClInclude>
    <ClInclude Include="mediator\UdpNetMediator.h">
      <Filter>mediator</Filter>
    </ClInclude>
    <ClInclude Include="MySQL\CMySql.h">
      <Filter>mysql</Filter>
    </ClInclude>
    <ClInclude Include="net\packet.h">
      <Filter>net</Filter>
    </ClInclude>
  </ItemGroup>
  <ItemGroup>
    <ClCompile Include="net\TcpClient.cpp">
      <Filter>net</Filter>
    </ClCompile>
    <ClCompile Include="net\TcpServer.cpp">
      <Filter>net</Filter>
    </ClCompile>
    <ClCompile Include="net\UdpNet.cpp">
      <Filter>net</Filter>
    </ClCompile>
    <ClCompile Include="mediator\TcpClientMediator.cpp">
      <Filter>mediator</Filter>
    </ClCompile>
    <ClCompile Include="mediator\TcpServerMediator.cpp">
      <Filter>mediator</Filter>
    </ClCompile>
    <ClCompile Include="mediator\UdpNetMediator.cpp">
      <Filter>mediator</Filter>
    </ClCompile>
    <ClCompile Include="MySQL\CMySql.cpp">
      <Filter>mysql</Filter>
    </ClCompile>
    <ClCompile Include="main.cpp">
      <Filter>源文件</Filter>
    </ClCompile>
  </ItemGroup>
</Project>